# This file is autogenerated, do not edit; changes may be undone by the next 'dep ensure'.


[[projects]]
  digest = "1:8b55da6790eeade578c1fd4ebaa5b0e641072172e1d743f3cb945ae73af463f9"
  name = "github.com/aws/aws-lambda-go"
  packages = [
    "events",
    "lambda",
    "lambda/messages",
    "lambdacontext",
  ]
  pruneopts = ""
  revision = "2d482ef09017ae953b1e8d5a6ddac5b696663a3c"
  version = "v1.6.0"

[[projects]]
  digest = "1:b3d95f73c0f3ebafec1cade3f1b08fcded3536d685f761ff056986bd67893a84"
  name = "github.com/aws/aws-sdk-go"
  packages = [
    "aws",
    "aws/awserr",
    "aws/awsutil",
    "aws/client",
    "aws/client/metadata",
    "aws/corehandlers",
    "aws/credentials",
    "aws/credentials/ec2rolecreds",
    "aws/credentials/endpointcreds",
    "aws/credentials/stscreds",
    "aws/csm",
    "aws/defaults",
    "aws/ec2metadata",
    "aws/endpoints",
    "aws/request",
    "aws/session",
    "aws/signer/v4",
    "internal/sdkio",
    "internal/sdkrand",
    "internal/sdkuri",
    "internal/shareddefaults",
    "private/protocol",
    "private/protocol/json/jsonutil",
    "private/protocol/jsonrpc",
    "private/protocol/query",
    "private/protocol/query/queryutil",
    "private/protocol/rest",
    "private/protocol/xml/xmlutil",
    "service/codepipeline",
    "service/sts",
  ]
  pruneopts = ""
  revision = "80ad2657c5ff975b642b1febb11c3fcfd747c057"
  version = "v1.15.28"

[[projects]]
  branch = "master"
  digest = "1:209f213526a6c3f2d6ef431bb4303bd97fa4af8350e67b5b4d43b53fd469a005"
  name = "github.com/fnproject/fdk-go"
  packages = [
    ".",
    "utils",
  ]
  pruneopts = ""
  revision = "1eb29530716f262bad5b83eb9a5b3f7483636949"

[[projects]]
  digest = "1:cd5bab9c9e23ffa6858eaa79dc827fd84bc24bc00b0cfb0b14036e393da2b1fa"
  name = "github.com/go-ini/ini"
  packages = ["."]
  pruneopts = ""
  revision = "5cf292cae48347c2490ac1a58fe36735fb78df7e"
  version = "v1.38.2"

[[projects]]
  digest = "1:21d39f826459b6b8452a6dfb59b4956b38ce24703a17342711668d1b7b80ddc8"
  name = "github.com/google/go-github"
  packages = ["github"]
  pruneopts = ""
  revision = "08dbadce1a0514f79ea9a9aa91b2f12ba656d5a7"
  version = "v18.0.0"

[[projects]]
  branch = "master"
  digest = "1:9abc49f39e3e23e262594bb4fb70abf74c0c99e94f99153f43b143805e850719"
  name = "github.com/google/go-querystring"
  packages = ["query"]
  pruneopts = ""
  revision = "53e6ce116135b80d037921a7fdd5138cf32d7a8a"

[[projects]]
  digest = "1:6f49eae0c1e5dab1dafafee34b207aeb7a42303105960944828c2079b92fc88e"
  name = "github.com/jmespath/go-jmespath"
  packages = ["."]
  pruneopts = ""
  revision = "0b12d6b5"

[solve-meta]
  analyzer-name = "dep"
  analyzer-version = 1
  input-imports = [
    "github.com/aws/aws-lambda-go/events",
    "github.com/aws/aws-lambda-go/lambda",
    "github.com/aws/aws-lambda-go/lambdacontext",
    "github.com/aws/aws-sdk-go/aws/awserr",
    "github.com/aws/aws-sdk-go/aws/session",
    "github.com/aws/aws-sdk-go/service/codepipeline",
    "github.com/fnproject/fdk-go",
    "github.com/google/go-github/github",
  ]
  solver-name = "gps-cdcl"
  solver-version = 1
